// !$*UTF8*$!
{
	archiveVersion = 1;
	classes = {
	};
	objectVersion = 46;
	objects = {

/* Begin PBXBuildFile section */
		EA5C31F71C119809006C1EFD /* dp_exec_block_on_main_thread.h in Headers */ = {isa = PBXBuildFile; fileRef = EA5C31F31C119809006C1EFD /* dp_exec_block_on_main_thread.h */; settings = {ATTRIBUTES = (Public, ); }; };
		EA5C31F81C119809006C1EFD /* dp_exec_block_on_main_thread.h in Headers */ = {isa = PBXBuildFile; fileRef = EA5C31F31C119809006C1EFD /* dp_exec_block_on_main_thread.h */; settings = {ATTRIBUTES = (Public, ); }; };
		EA5C31F91C119809006C1EFD /* dp_exec_block_on_main_thread.m in Sources */ = {isa = PBXBuildFile; fileRef = EA5C31F41C119809006C1EFD /* dp_exec_block_on_main_thread.m */; };
		EA5C31FA1C119809006C1EFD /* dp_exec_block_on_main_thread.m in Sources */ = {isa = PBXBuildFile; fileRef = EA5C31F41C119809006C1EFD /* dp_exec_block_on_main_thread.m */; };
/* End PBXBuildFile section */

/* Begin PBXFileReference section */
		EA5C31DC1C1196F5006C1EFD /* dp_exec_block_on_main_thread.framework */ = {isa = PBXFileReference; explicitFileType = wrapper.framework; includeInIndex = 0; path = dp_exec_block_on_main_thread.framework; sourceTree = BUILT_PRODUCTS_DIR; };
		EA5C31EA1C119708006C1EFD /* dp_exec_block_on_main_thread.framework */ = {isa = PBXFileReference; explicitFileType = wrapper.framework; includeInIndex = 0; path = dp_exec_block_on_main_thread.framework; sourceTree = BUILT_PRODUCTS_DIR; };
		EA5C31F31C119809006C1EFD /* dp_exec_block_on_main_thread.h */ = {isa = PBXFileReference; fileEncoding = 4; lastKnownFileType = sourcecode.c.h; path = dp_exec_block_on_main_thread.h; sourceTree = "<group>"; };
		EA5C31F41C119809006C1EFD /* dp_exec_block_on_main_thread.m */ = {isa = PBXFileReference; fileEncoding = 4; lastKnownFileType = sourcecode.c.objc; path = dp_exec_block_on_main_thread.m; sourceTree = "<group>"; };
		EA5C31F51C119809006C1EFD /* Info-iOS.plist */ = {isa = PBXFileReference; fileEncoding = 4; lastKnownFileType = text.plist.xml; path = "Info-iOS.plist"; sourceTree = "<group>"; };
		EA5C31F61C119809006C1EFD /* Info-OSX.plist */ = {isa = PBXFileReference; fileEncoding = 4; lastKnownFileType = text.plist.xml; path = "Info-OSX.plist"; sourceTree = "<group>"; };
/* End PBXFileReference section */

/* Begin PBXFrameworksBuildPhase section */
		EA5C31D81C1196F5006C1EFD /* Frameworks */ = {
			isa = PBXFrameworksBuildPhase;
			buildActionMask = 2147483647;
			files = (
			);
			runOnlyForDeploymentPostprocessing = 0;
		};
		EA5C31E61C119708006C1EFD /* Frameworks */ = {
			isa = PBXFrameworksBuildPhase;
			buildActionMask = 2147483647;
			files = (
			);
			runOnlyForDeploymentPostprocessing = 0;
		};
/* End PBXFrameworksBuildPhase section */

/* Begin PBXGroup section */
		EA5C31D01C1196B5006C1EFD = {
			isa = PBXGroup;
			children = (
				EA5C31F21C119809006C1EFD /* dp_exec_block_on_main_thread */,
				EA5C31DD1C1196F5006C1EFD /* Products */,
			);
			sourceTree = "<group>";
		};
		EA5C31DD1C1196F5006C1EFD /* Products */ = {
			isa = PBXGroup;
			children = (
				EA5C31DC1C1196F5006C1EFD /* dp_exec_block_on_main_thread.framework */,
				EA5C31EA1C119708006C1EFD /* dp_exec_block_on_main_thread.framework */,
			);
			name = Products;
			sourceTree = "<group>";
		};
		EA5C31F21C119809006C1EFD /* dp_exec_block_on_main_thread */ = {
			isa = PBXGroup;
			children = (
				EA5C31F31C119809006C1EFD /* dp_exec_block_on_main_thread.h */,
				EA5C31F41C119809006C1EFD /* dp_exec_block_on_main_thread.m */,
				EA5C31F51C119809006C1EFD /* Info-iOS.plist */,
				EA5C31F61C119809006C1EFD /* Info-OSX.plist */,
			);
			path = dp_exec_block_on_main_thread;
			sourceTree = "<group>";
		};
/* End PBXGroup section */

/* Begin PBXHeadersBuildPhase section */
		EA5C31D91C1196F5006C1EFD /* Headers */ = {
			isa = PBXHeadersBuildPhase;
			buildActionMask = 2147483647;
			files = (
				EA5C31F71C119809006C1EFD /* dp_exec_block_on_main_thread.h in Headers */,
			);
			runOnlyForDeploymentPostprocessing = 0;
		};
		EA5C31E71C119708006C1EFD /* Headers */ = {
			isa = PBXHeadersBuildPhase;
			buildActionMask = 2147483647;
			files = (
				EA5C31F81C119809006C1EFD /* dp_exec_block_on_main_thread.h in Headers */,
			);
			runOnlyForDeploymentPostprocessing = 0;
		};
/* End PBXHeadersBuildPhase section */

/* Begin PBXNativeTarget section */
		EA5C31DB1C1196F5006C1EFD /* dp_exec_block_on_main_thread-iOS */ = {
			isa = PBXNativeTarget;
			buildConfigurationList = EA5C31E21C1196F5006C1EFD /* Build configuration list for PBXNativeTarget "dp_exec_block_on_main_thread-iOS" */;
			buildPhases = (
				EA5C31D71C1196F5006C1EFD /* Sources */,
				EA5C31D81C1196F5006C1EFD /* Frameworks */,
				EA5C31D91C1196F5006C1EFD /* Headers */,
				EA5C31DA1C1196F5006C1EFD /* Resources */,
			);
			buildRules = (
			);
			dependencies = (
			);
			name = "dp_exec_block_on_main_thread-iOS";
			productName = "dp_exec_block_on_main_thread-iOS";
			productReference = EA5C31DC1C1196F5006C1EFD /* dp_exec_block_on_main_thread.framework */;
			productType = "com.apple.product-type.framework";
		};
		EA5C31E91C119708006C1EFD /* dp_exec_block_on_main_thread-OSX */ = {
			isa = PBXNativeTarget;
			buildConfigurationList = EA5C31EF1C119708006C1EFD /* Build configuration list for PBXNativeTarget "dp_exec_block_on_main_thread-OSX" */;
			buildPhases = (
				EA5C31E51C119708006C1EFD /* Sources */,
				EA5C31E61C119708006C1EFD /* Frameworks */,
				EA5C31E71C119708006C1EFD /* Headers */,
				EA5C31E81C119708006C1EFD /* Resources */,
			);
			buildRules = (
			);
			dependencies = (
			);
			name = "dp_exec_block_on_main_thread-OSX";
			productName = "dp_exec_block_on_main_thread-OSX";
			productReference = EA5C31EA1C119708006C1EFD /* dp_exec_block_on_main_thread.framework */;
			productType = "com.apple.product-type.framework";
		};
/* End PBXNativeTarget section */

/* Begin PBXProject section */
		EA5C31D11C1196B5006C1EFD /* Project object */ = {
			isa = PBXProject;
			attributes = {
				LastUpgradeCheck = 0710;
				ORGANIZATIONNAME = dnpp.org;
				TargetAttributes = {
					EA5C31DB1C1196F5006C1EFD = {
						CreatedOnToolsVersion = 7.1.1;
					};
					EA5C31E91C119708006C1EFD = {
						CreatedOnToolsVersion = 7.1.1;
					};
				};
			};
			buildConfigurationList = EA5C31D41C1196B5006C1EFD /* Build configuration list for PBXProject "dp_exec_block_on_main_thread" */;
			compatibilityVersion = "Xcode 3.2";
			developmentRegion = English;
			hasScannedForEncodings = 0;
			knownRegions = (
				en,
			);
			mainGroup = EA5C31D01C1196B5006C1EFD;
			productRefGroup = EA5C31DD1C1196F5006C1EFD /* Products */;
			projectDirPath = "";
			projectRoot = "";
			targets = (
				EA5C31DB1C1196F5006C1EFD /* dp_exec_block_on_main_thread-iOS */,
				EA5C31E91C119708006C1EFD /* dp_exec_block_on_main_thread-OSX */,
			);
		};
/* End PBXProject section */

/* Begin PBXResourcesBuildPhase section */
		EA5C31DA1C1196F5006C1EFD /* Resources */ = {
			isa = PBXResourcesBuildPhase;
			buildActionMask = 2147483647;
			files = (
			);
			runOnlyForDeploymentPostprocessing = 0;
		};
		EA5C31E81C119708006C1EFD /* Resources */ = {
			isa = PBXResourcesBuildPhase;
			buildActionMask = 2147483647;
			files = (
			);
			runOnlyForDeploymentPostprocessing = 0;
		};
/* End PBXResourcesBuildPhase section */

/* Begin PBXSourcesBuildPhase section */
		EA5C31D71C1196F5006C1EFD /* Sources */ = {
			isa = PBXSourcesBuildPhase;
			buildActionMask = 2147483647;
			files = (
				EA5C31F91C119809006C1EFD /* dp_exec_block_on_main_thread.m in Sources */,
			);
			runOnlyForDeploymentPostprocessing = 0;
		};
		EA5C31E51C119708006C1EFD /* Sources */ = {
			isa = PBXSourcesBuildPhase;
			buildActionMask = 2147483647;
			files = (
				EA5C31FA1C119809006C1EFD /* dp_exec_block_on_main_thread.m in Sources */,
			);
			runOnlyForDeploymentPostprocessing = 0;
		};
/* End PBXSourcesBuildPhase section */

/* Begin XCBuildConfiguration section */
		EA5C31D51C1196B5006C1EFD /* Debug */ = {
			isa = XCBuildConfiguration;
			buildSettings = {
				BITCODE_GENERATION_MODE = bitcode;
				IPHONEOS_DEPLOYMENT_TARGET = 8.0;
				MACOSX_DEPLOYMENT_TARGET = 10.7;
				PRODUCT_NAME = "$(PROJECT_NAME:c99extidentifier)";
			};
			name = Debug;
		};
		EA5C31D61C1196B5006C1EFD /* Release */ = {
			isa = XCBuildConfiguration;
			buildSettings = {
				BITCODE_GENERATION_MODE = bitcode;
				IPHONEOS_DEPLOYMENT_TARGET = 8.0;
				MACOSX_DEPLOYMENT_TARGET = 10.7;
				PRODUCT_NAME = "$(PROJECT_NAME:c99extidentifier)";
			};
			name = Release;
		};
		EA5C31E31C1196F5006C1EFD /* Debug */ = {
			isa = XCBuildConfiguration;
			buildSettings = {
				ALWAYS_SEARCH_USER_PATHS = NO;
				CLANG_CXX_LANGUAGE_STANDARD = "gnu++0x";
				CLANG_CXX_LIBRARY = "libc++";
				CLANG_ENABLE_MODULES = YES;
				CLANG_ENABLE_OBJC_ARC = YES;
				CLANG_WARN_BOOL_CONVERSION = YES;
				CLANG_WARN_CONSTANT_CONVERSION = YES;
				CLANG_WARN_DIRECT_OBJC_ISA_USAGE = YES_ERROR;
				CLANG_WARN_EMPTY_BODY = YES;
				CLANG_WARN_ENUM_CONVERSION = YES;
				CLANG_WARN_INT_CONVERSION = YES;
				CLANG_WARN_OBJC_ROOT_CLASS = YES_ERROR;
				CLANG_WARN_UNREACHABLE_CODE = YES;
				CLANG_WARN__DUPLICATE_METHOD_MATCH = YES;
				"CODE_SIGN_IDENTITY[sdk=iphoneos*]" = "iPhone Developer";
				COPY_PHASE_STRIP = NO;
				CURRENT_PROJECT_VERSION = 1;
				DEBUG_INFORMATION_FORMAT = dwarf;
				DYLIB_COMPATIBILITY_VERSION = 1;
				DYLIB_CURRENT_VERSION = 1;
				DYLIB_INSTALL_NAME_BASE = "@rpath";
				ENABLE_STRICT_OBJC_MSGSEND = YES;
				ENABLE_TESTABILITY = YES;
				GCC_C_LANGUAGE_STANDARD = gnu99;
				GCC_DYNAMIC_NO_PIC = NO;
				GCC_NO_COMMON_BLOCKS = YES;
				GCC_OPTIMIZATION_LEVEL = 0;
				GCC_PREPROCESSOR_DEFINITIONS = (
					"DEBUG=1",
					"$(inherited)",
				);
				GCC_WARN_64_TO_32_BIT_CONVERSION = YES;
				GCC_WARN_ABOUT_RETURN_TYPE = YES_ERROR;
				GCC_WARN_UNDECLARED_SELECTOR = YES;
				GCC_WARN_UNINITIALIZED_AUTOS = YES_AGGRESSIVE;
				GCC_WARN_UNUSED_FUNCTION = YES;
				GCC_WARN_UNUSED_VARIABLE = YES;
				INFOPLIST_FILE = "dp_exec_block_on_main_thread/Info-iOS.plist";
				INSTALL_PATH = "$(LOCAL_LIBRARY_DIR)/Frameworks";
				LD_RUNPATH_SEARCH_PATHS = "$(inherited) @executable_path/Frameworks @loader_path/Frameworks";
				MTL_ENABLE_DEBUG_INFO = YES;
				PRODUCT_BUNDLE_IDENTIFIER = "org.dnpp.dp-exec-block-on-main-thread";
				SDKROOT = iphoneos;
				SKIP_INSTALL = YES;
				TARGETED_DEVICE_FAMILY = "1,2";
				VERSIONING_SYSTEM = "apple-generic";
				VERSION_INFO_PREFIX = "";
			};
			name = Debug;
		};
		EA5C31E41C1196F5006C1EFD /* Release */ = {
			isa = XCBuildConfiguration;
			buildSettings = {
				ALWAYS_SEARCH_USER_PATHS = NO;
				CLANG_CXX_LANGUAGE_STANDARD = "gnu++0x";
				CLANG_CXX_LIBRARY = "libc++";
				CLANG_ENABLE_MODULES = YES;
				CLANG_ENABLE_OBJC_ARC = YES;
				CLANG_WARN_BOOL_CONVERSION = YES;
				CLANG_WARN_CONSTANT_CONVERSION = YES;
				CLANG_WARN_DIRECT_OBJC_ISA_USAGE = YES_ERROR;
				CLANG_WARN_EMPTY_BODY = YES;
				CLANG_WARN_ENUM_CONVERSION = YES;
				CLANG_WARN_INT_CONVERSION = YES;
				CLANG_WARN_OBJC_ROOT_CLASS = YES_ERROR;
				CLANG_WARN_UNREACHABLE_CODE = YES;
				CLANG_WARN__DUPLICATE_METHOD_MATCH = YES;
				"CODE_SIGN_IDENTITY[sdk=iphoneos*]" = "iPhone Developer";
				COPY_PHASE_STRIP = NO;
				CURRENT_PROJECT_VERSION = 1;
				DEBUG_INFORMATION_FORMAT = "dwarf-with-dsym";
				DYLIB_COMPATIBILITY_VERSION = 1;
				DYLIB_CURRENT_VERSION = 1;
				DYLIB_INSTALL_NAME_BASE = "@rpath";
				ENABLE_NS_ASSERTIONS = NO;
				ENABLE_STRICT_OBJC_MSGSEND = YES;
				GCC_C_LANGUAGE_STANDARD = gnu99;
				GCC_NO_COMMON_BLOCKS = YES;
				GCC_WARN_64_TO_32_BIT_CONVERSION = YES;
				GCC_WARN_ABOUT_RETURN_TYPE = YES_ERROR;
				GCC_WARN_UNDECLARED_SELECTOR = YES;
				GCC_WARN_UNINITIALIZED_AUTOS = YES_AGGRESSIVE;
				GCC_WARN_UNUSED_FUNCTION = YES;
				GCC_WARN_UNUSED_VARIABLE = YES;
				INFOPLIST_FILE = "dp_exec_block_on_main_thread/Info-iOS.plist";
				INSTALL_PATH = "$(LOCAL_LIBRARY_DIR)/Frameworks";
				LD_RUNPATH_SEARCH_PATHS = "$(inherited) @executable_path/Frameworks @loader_path/Frameworks";
				MTL_ENABLE_DEBUG_INFO = NO;
				PRODUCT_BUNDLE_IDENTIFIER = "org.dnpp.dp-exec-block-on-main-thread";
				SDKROOT = iphoneos;
				SKIP_INSTALL = YES;
				TARGETED_DEVICE_FAMILY = "1,2";
				VALIDATE_PRODUCT = YES;
				VERSIONING_SYSTEM = "apple-generic";
				VERSION_INFO_PREFIX = "";
			};
			name = Release;
		};
		EA5C31F01C119708006C1EFD /* Debug */ = {
			isa = XCBuildConfiguration;
			buildSettings = {
				ALWAYS_SEARCH_USER_PATHS = NO;
				CLANG_CXX_LANGUAGE_STANDARD = "gnu++0x";
				CLANG_CXX_LIBRARY = "libc++";
				CLANG_ENABLE_MODULES = YES;
				CLANG_ENABLE_OBJC_ARC = YES;
				CLANG_WARN_BOOL_CONVERSION = YES;
				CLANG_WARN_CONSTANT_CONVERSION = YES;
				CLANG_WARN_DIRECT_OBJC_ISA_USAGE = YES_ERROR;
				CLANG_WARN_EMPTY_BODY = YES;
				CLANG_WARN_ENUM_CONVERSION = YES;
				CLANG_WARN_INT_CONVERSION = YES;
				CLANG_WARN_OBJC_ROOT_CLASS = YES_ERROR;
				CLANG_WARN_UNREACHABLE_CODE = YES;
				CLANG_WARN__DUPLICATE_METHOD_MATCH = YES;
				CODE_SIGN_IDENTITY = "-";
				COMBINE_HIDPI_IMAGES = YES;
				COPY_PHASE_STRIP = NO;
				CURRENT_PROJECT_VERSION = 1;
				DEBUG_INFORMATION_FORMAT = dwarf;
				DYLIB_COMPATIBILITY_VERSION = 1;
				DYLIB_CURRENT_VERSION = 1;
				DYLIB_INSTALL_NAME_BASE = "@rpath";
				ENABLE_STRICT_OBJC_MSGSEND = YES;
				ENABLE_TESTABILITY = YES;
				FRAMEWORK_VERSION = A;
				GCC_C_LANGUAGE_STANDARD = gnu99;
				GCC_DYNAMIC_NO_PIC = NO;
				GCC_NO_COMMON_BLOCKS = YES;
				GCC_OPTIMIZATION_LEVEL = 0;
				GCC_PREPROCESSOR_DEFINITIONS = (
					"DEBUG=1",
					"$(inherited)",
				);
				GCC_WARN_64_TO_32_BIT_CONVERSION = YES;
				GCC_WARN_ABOUT_RETURN_TYPE = YES_ERROR;
				GCC_WARN_UNDECLARED_SELECTOR = YES;
				GCC_WARN_UNINITIALIZED_AUTOS = YES_AGGRESSIVE;
				GCC_WARN_UNUSED_FUNCTION = YES;
				GCC_WARN_UNUSED_VARIABLE = YES;
				INFOPLIST_FILE = "dp_exec_block_on_main_thread/Info-OSX.plist";
				INSTALL_PATH = "$(LOCAL_LIBRARY_DIR)/Frameworks";
				LD_RUNPATH_SEARCH_PATHS = "$(inherited) @executable_path/../Frameworks @loader_path/Frameworks";
				MTL_ENABLE_DEBUG_INFO = YES;
				PRODUCT_BUNDLE_IDENTIFIER = "org.dnpp.dp-exec-block-on-main-thread";
				SDKROOT = macosx;
				SKIP_INSTALL = YES;
				VERSIONING_SYSTEM = "apple-generic";
				VERSION_INFO_PREFIX = "";
			};
			name = Debug;
		};
		EA5C31F11C119708006C1EFD /* Release */ = {
			isa = XCBuildConfiguration;
			buildSettings = {
				ALWAYS_SEARCH_USER_PATHS = NO;
				CLANG_CXX_LANGUAGE_STANDARD = "gnu++0x";
				CLANG_CXX_LIBRARY = "libc++";
				CLANG_ENABLE_MODULES = YES;
				CLANG_ENABLE_OBJC_ARC = YES;
				CLANG_WARN_BOOL_CONVERSION = YES;
				CLANG_WARN_CONSTANT_CONVERSION = YES;
				CLANG_WARN_DIRECT_OBJC_ISA_USAGE = YES_ERROR;
				CLANG_WARN_EMPTY_BODY = YES;
				CLANG_WARN_ENUM_CONVERSION = YES;
				CLANG_WARN_INT_CONVERSION = YES;
				CLANG_WARN_OBJC_ROOT_CLASS = YES_ERROR;
				CLANG_WARN_UNREACHABLE_CODE = YES;
				CLANG_WARN__DUPLICATE_METHOD_MATCH = YES;
				CODE_SIGN_IDENTITY = "-";
				COMBINE_HIDPI_IMAGES = YES;
				COPY_PHASE_STRIP = NO;
				CURRENT_PROJECT_VERSION = 1;
				DEBUG_INFORMATION_FORMAT = "dwarf-with-dsym";
				DYLIB_COMPATIBILITY_VERSION = 1;
				DYLIB_CURRENT_VERSION = 1;
				DYLIB_INSTALL_NAME_BASE = "@rpath";
				ENABLE_NS_ASSERTIONS = NO;
				ENABLE_STRICT_OBJC_MSGSEND = YES;
				FRAMEWORK_VERSION = A;
				GCC_C_LANGUAGE_STANDARD = gnu99;
				GCC_NO_COMMON_BLOCKS = YES;
				GCC_WARN_64_TO_32_BIT_CONVERSION = YES;
				GCC_WARN_ABOUT_RETURN_TYPE = YES_ERROR;
				GCC_WARN_UNDECLARED_SELECTOR = YES;
				GCC_WARN_UNINITIALIZED_AUTOS = YES_AGGRESSIVE;
				GCC_WARN_UNUSED_FUNCTION = YES;
				GCC_WARN_UNUSED_VARIABLE = YES;
				INFOPLIST_FILE = "dp_exec_block_on_main_thread/Info-OSX.plist";
				INSTALL_PATH = "$(LOCAL_LIBRARY_DIR)/Frameworks";
				LD_RUNPATH_SEARCH_PATHS = "$(inherited) @executable_path/../Frameworks @loader_path/Frameworks";
				MTL_ENABLE_DEBUG_INFO = NO;
				PRODUCT_BUNDLE_IDENTIFIER = "org.dnpp.dp-exec-block-on-main-thread";
				SDKROOT = macosx;
				SKIP_INSTALL = YES;
				VERSIONING_SYSTEM = "apple-generic";
				VERSION_INFO_PREFIX = "";
			};
			name = Release;
		};
/* End XCBuildConfiguration section */

/* Begin XCConfigurationList section */
		EA5C31D41C1196B5006C1EFD /* Build configuration list for PBXProject "dp_exec_block_on_main_thread" */ = {
			isa = XCConfigurationList;
			buildConfigurations = (
				EA5C31D51C1196B5006C1EFD /* Debug */,
				EA5C31D61C1196B5006C1EFD /* Release */,
			);
			defaultConfigurationIsVisible = 0;
			defaultConfigurationName = Release;
		};
		EA5C31E21C1196F5006C1EFD /* Build configuration list for PBXNativeTarget "dp_exec_block_on_main_thread-iOS" */ = {
			isa = XCConfigurationList;
			buildConfigurations = (
				EA5C31E31C1196F5006C1EFD /* Debug */,
				EA5C31E41C1196F5006C1EFD /* Release */,
			);
			defaultConfigurationIsVisible = 0;
			defaultConfigurationName = Release;
		};
		EA5C31EF1C119708006C1EFD /* Build configuration list for PBXNativeTarget "dp_exec_block_on_main_thread-OSX" */ = {
			isa = XCConfigurationList;
			buildConfigurations = (
				EA5C31F01C119708006C1EFD /* Debug */,
				EA5C31F11C119708006C1EFD /* Release */,
			);
			defaultConfigurationIsVisible = 0;
			defaultConfigurationName = Release;
		};
/* End XCConfigurationList section */
	};
	rootObject = EA5C31D11C1196B5006C1EFD /* Project object */;
}
